// !$*UTF8*$!
{
	archiveVersion = 1;
	classes = {
	};
	objectVersion = 46;
	objects = {

/* Begin PBXBuildFile section */
		FE26F06B1E09A7BE0033EF6A /* AppDelegate.swift in Sources */ = {isa = PBXBuildFile; fileRef = FE26F06A1E09A7BE0033EF6A /* AppDelegate.swift */; };
		FE26F06D1E09A7BE0033EF6A /* ViewController.swift in Sources */ = {isa = PBXBuildFile; fileRef = FE26F06C1E09A7BE0033EF6A /* ViewController.swift */; };
		FE26F06F1E09A7BE0033EF6A /* Assets.xcassets in Resources */ = {isa = PBXBuildFile; fileRef = FE26F06E1E09A7BE0033EF6A /* Assets.xcassets */; };
		FE26F0721E09A7BE0033EF6A /* Main.storyboard in Resources */ = {isa = PBXBuildFile; fileRef = FE26F0701E09A7BE0033EF6A /* Main.storyboard */; };
		FE26F07A1E09A81F0033EF6A /* NSURLSessionConfiguration+simple.swift in Sources */ = {isa = PBXBuildFile; fileRef = FE26F0791E09A81F0033EF6A /* NSURLSessionConfiguration+simple.swift */; };
		FE26F07C1E09A8CB0033EF6A /* simpleURLSessionDelegate.swift in Sources */ = {isa = PBXBuildFile; fileRef = FE26F07B1E09A8CB0033EF6A /* simpleURLSessionDelegate.swift */; };
		FE26F07E1E09AFAF0033EF6A /* NSURLSession+simple.swift in Sources */ = {isa = PBXBuildFile; fileRef = FE26F07D1E09AFAF0033EF6A /* NSURLSession+simple.swift */; };
		FE26F0801E09B1370033EF6A /* simpleRequests.swift in Sources */ = {isa = PBXBuildFile; fileRef = FE26F07F1E09B1370033EF6A /* simpleRequests.swift */; };
		FE26F0821E09BC970033EF6A /* NSURLRequest+simple.swift in Sources */ = {isa = PBXBuildFile; fileRef = FE26F0811E09BC970033EF6A /* NSURLRequest+simple.swift */; };
/* End PBXBuildFile section */

/* Begin PBXFileReference section */
		FE26F0671E09A7BE0033EF6A /* simpleApp.app */ = {isa = PBXFileReference; explicitFileType = wrapper.application; includeInIndex = 0; path = simpleApp.app; sourceTree = BUILT_PRODUCTS_DIR; };
		FE26F06A1E09A7BE0033EF6A /* AppDelegate.swift */ = {isa = PBXFileReference; lastKnownFileType = sourcecode.swift; path = AppDelegate.swift; sourceTree = "<group>"; };
		FE26F06C1E09A7BE0033EF6A /* ViewController.swift */ = {isa = PBXFileReference; lastKnownFileType = sourcecode.swift; path = ViewController.swift; sourceTree = "<group>"; };
		FE26F06E1E09A7BE0033EF6A /* Assets.xcassets */ = {isa = PBXFileReference; lastKnownFileType = folder.assetcatalog; path = Assets.xcassets; sourceTree = "<group>"; };
		FE26F0711E09A7BE0033EF6A /* Base */ = {isa = PBXFileReference; lastKnownFileType = file.storyboard; name = Base; path = Base.lproj/Main.storyboard; sourceTree = "<group>"; };
		FE26F0731E09A7BE0033EF6A /* Info.plist */ = {isa = PBXFileReference; lastKnownFileType = text.plist.xml; path = Info.plist; sourceTree = "<group>"; };
		FE26F0791E09A81F0033EF6A /* NSURLSessionConfiguration+simple.swift */ = {isa = PBXFileReference; fileEncoding = 4; lastKnownFileType = sourcecode.swift; path = "NSURLSessionConfiguration+simple.swift"; sourceTree = "<group>"; };
		FE26F07B1E09A8CB0033EF6A /* simpleURLSessionDelegate.swift */ = {isa = PBXFileReference; fileEncoding = 4; lastKnownFileType = sourcecode.swift; path = simpleURLSessionDelegate.swift; sourceTree = "<group>"; };
		FE26F07D1E09AFAF0033EF6A /* NSURLSession+simple.swift */ = {isa = PBXFileReference; fileEncoding = 4; lastKnownFileType = sourcecode.swift; path = "NSURLSession+simple.swift"; sourceTree = "<group>"; };
		FE26F07F1E09B1370033EF6A /* simpleRequests.swift */ = {isa = PBXFileReference; fileEncoding = 4; lastKnownFileType = sourcecode.swift; path = simpleRequests.swift; sourceTree = "<group>"; };
		FE26F0811E09BC970033EF6A /* NSURLRequest+simple.swift */ = {isa = PBXFileReference; fileEncoding = 4; lastKnownFileType = sourcecode.swift; path = "NSURLRequest+simple.swift"; sourceTree = "<group>"; };
/* End PBXFileReference section */

/* Begin PBXFrameworksBuildPhase section */
		FE26F0641E09A7BE0033EF6A /* Frameworks */ = {
			isa = PBXFrameworksBuildPhase;
			buildActionMask = 2147483647;
			files = (
			);
			runOnlyForDeploymentPostprocessing = 0;
		};
/* End PBXFrameworksBuildPhase section */

/* Begin PBXGroup section */
		FE26F05E1E09A7BE0033EF6A = {
			isa = PBXGroup;
			children = (
				FE26F0691E09A7BE0033EF6A /* simpleApp */,
				FE26F0681E09A7BE0033EF6A /* Products */,
			);
			sourceTree = "<group>";
		};
		FE26F0681E09A7BE0033EF6A /* Products */ = {
			isa = PBXGroup;
			children = (
				FE26F0671E09A7BE0033EF6A /* simpleApp.app */,
			);
			name = Products;
			sourceTree = "<group>";
		};
		FE26F0691E09A7BE0033EF6A /* simpleApp */ = {
			isa = PBXGroup;
			children = (
				FE26F06A1E09A7BE0033EF6A /* AppDelegate.swift */,
				FE26F06C1E09A7BE0033EF6A /* ViewController.swift */,
				FE26F06E1E09A7BE0033EF6A /* Assets.xcassets */,
				FE26F0701E09A7BE0033EF6A /* Main.storyboard */,
				FE26F0731E09A7BE0033EF6A /* Info.plist */,
				FE26F0791E09A81F0033EF6A /* NSURLSessionConfiguration+simple.swift */,
				FE26F07B1E09A8CB0033EF6A /* simpleURLSessionDelegate.swift */,
				FE26F07D1E09AFAF0033EF6A /* NSURLSession+simple.swift */,
				FE26F07F1E09B1370033EF6A /* simpleRequests.swift */,
				FE26F0811E09BC970033EF6A /* NSURLRequest+simple.swift */,
			);
			path = simpleApp;
			sourceTree = "<group>";
		};
/* End PBXGroup section */

/* Begin PBXNativeTarget section */
		FE26F0661E09A7BE0033EF6A /* simpleApp */ = {
			isa = PBXNativeTarget;
			buildConfigurationList = FE26F0761E09A7BE0033EF6A /* Build configuration list for PBXNativeTarget "simpleApp" */;
			buildPhases = (
				FE26F0631E09A7BE0033EF6A /* Sources */,
				FE26F0641E09A7BE0033EF6A /* Frameworks */,
				FE26F0651E09A7BE0033EF6A /* Resources */,
			);
			buildRules = (
			);
			dependencies = (
			);
			name = simpleApp;
			productName = simpleApp;
			productReference = FE26F0671E09A7BE0033EF6A /* simpleApp.app */;
			productType = "com.apple.product-type.application";
		};
/* End PBXNativeTarget section */

/* Begin PBXProject section */
		FE26F05F1E09A7BE0033EF6A /* Project object */ = {
			isa = PBXProject;
			attributes = {
				LastSwiftUpdateCheck = 0810;
				LastUpgradeCheck = 0810;
				ORGANIZATIONNAME = gadphly;
				TargetAttributes = {
					FE26F0661E09A7BE0033EF6A = {
						CreatedOnToolsVersion = 8.1;
						ProvisioningStyle = Automatic;
					};
				};
			};
			buildConfigurationList = FE26F0621E09A7BE0033EF6A /* Build configuration list for PBXProject "simpleApp" */;
			compatibilityVersion = "Xcode 3.2";
			developmentRegion = English;
			hasScannedForEncodings = 0;
			knownRegions = (
				en,
				Base,
			);
			mainGroup = FE26F05E1E09A7BE0033EF6A;
			productRefGroup = FE26F0681E09A7BE0033EF6A /* Products */;
			projectDirPath = "";
			projectRoot = "";
			targets = (
				FE26F0661E09A7BE0033EF6A /* simpleApp */,
			);
		};
/* End PBXProject section */

/* Begin PBXResourcesBuildPhase section */
		FE26F0651E09A7BE0033EF6A /* Resources */ = {
			isa = PBXResourcesBuildPhase;
			buildActionMask = 2147483647;
			files = (
				FE26F06F1E09A7BE0033EF6A /* Assets.xcassets in Resources */,
				FE26F0721E09A7BE0033EF6A /* Main.storyboard in Resources */,
			);
			runOnlyForDeploymentPostprocessing = 0;
		};
/* End PBXResourcesBuildPhase section */

/* Begin PBXSourcesBuildPhase section */
		FE26F0631E09A7BE0033EF6A /* Sources */ = {
			isa = PBXSourcesBuildPhase;
			buildActionMask = 2147483647;
			files = (
				FE26F07E1E09AFAF0033EF6A /* NSURLSession+simple.swift in Sources */,
				FE26F0801E09B1370033EF6A /* simpleRequests.swift in Sources */,
				FE26F07A1E09A81F0033EF6A /* NSURLSessionConfiguration+simple.swift in Sources */,
				FE26F0821E09BC970033EF6A /* NSURLRequest+simple.swift in Sources */,
				FE26F07C1E09A8CB0033EF6A /* simpleURLSessionDelegate.swift in Sources */,
				FE26F06D1E09A7BE0033EF6A /* ViewController.swift in Sources */,
				FE26F06B1E09A7BE0033EF6A /* AppDelegate.swift in Sources */,
			);
			runOnlyForDeploymentPostprocessing = 0;
		};
/* End PBXSourcesBuildPhase section */

/* Begin PBXVariantGroup section */
		FE26F0701E09A7BE0033EF6A /* Main.storyboard */ = {
			isa = PBXVariantGroup;
			children = (
				FE26F0711E09A7BE0033EF6A /* Base */,
			);
			name = Main.storyboard;
			sourceTree = "<group>";
		};
/* End PBXVariantGroup section */

/* Begin XCBuildConfiguration section */
		FE26F0741E09A7BE0033EF6A /* Debug */ = {
			isa = XCBuildConfiguration;
			buildSettings = {
				ALWAYS_SEARCH_USER_PATHS = NO;
				CLANG_ANALYZER_NONNULL = YES;
				CLANG_CXX_LANGUAGE_STANDARD = "gnu++0x";
				CLANG_CXX_LIBRARY = "libc++";
				CLANG_ENABLE_MODULES = YES;
				CLANG_ENABLE_OBJC_ARC = YES;
				CLANG_WARN_BOOL_CONVERSION = YES;
				CLANG_WARN_CONSTANT_CONVERSION = YES;
				CLANG_WARN_DIRECT_OBJC_ISA_USAGE = YES_ERROR;
				CLANG_WARN_DOCUMENTATION_COMMENTS = YES;
				CLANG_WARN_EMPTY_BODY = YES;
				CLANG_WARN_ENUM_CONVERSION = YES;
				CLANG_WARN_INFINITE_RECURSION = YES;
				CLANG_WARN_INT_CONVERSION = YES;
				CLANG_WARN_OBJC_ROOT_CLASS = YES_ERROR;
				CLANG_WARN_SUSPICIOUS_MOVES = YES;
				CLANG_WARN_UNREACHABLE_CODE = YES;
				CLANG_WARN__DUPLICATE_METHOD_MATCH = YES;
				CODE_SIGN_IDENTITY = "-";
				COPY_PHASE_STRIP = NO;
				DEBUG_INFORMATION_FORMAT = dwarf;
				ENABLE_STRICT_OBJC_MSGSEND = YES;
				ENABLE_TESTABILITY = YES;
				GCC_C_LANGUAGE_STANDARD = gnu99;
				GCC_DYNAMIC_NO_PIC = NO;
				GCC_NO_COMMON_BLOCKS = YES;
				GCC_OPTIMIZATION_LEVEL = 0;
				GCC_PREPROCESSOR_DEFINITIONS = (
					"DEBUG=1",
					"$(inherited)",
				);
				GCC_WARN_64_TO_32_BIT_CONVERSION = YES;
				GCC_WARN_ABOUT_RETURN_TYPE = YES_ERROR;
				GCC_WARN_UNDECLARED_SELECTOR = YES;
				GCC_WARN_UNINITIALIZED_AUTOS = YES_AGGRESSIVE;
				GCC_WARN_UNUSED_FUNCTION = YES;
				GCC_WARN_UNUSED_VARIABLE = YES;
				MACOSX_DEPLOYMENT_TARGET = 10.11;
				MTL_ENABLE_DEBUG_INFO = YES;
				ONLY_ACTIVE_ARCH = YES;
				SDKROOT = macosx;
				SWIFT_ACTIVE_COMPILATION_CONDITIONS = DEBUG;
				SWIFT_OPTIMIZATION_LEVEL = "-Onone";
			};
			name = Debug;
		};
		FE26F0751E09A7BE0033EF6A /* Release */ = {
			isa = XCBuildConfiguration;
			buildSettings = {
				ALWAYS_SEARCH_USER_PATHS = NO;
				CLANG_ANALYZER_NONNULL = YES;
				CLANG_CXX_LANGUAGE_STANDARD = "gnu++0x";
				CLANG_CXX_LIBRARY = "libc++";
				CLANG_ENABLE_MODULES = YES;
				CLANG_ENABLE_OBJC_ARC = YES;
				CLANG_WARN_BOOL_CONVERSION = YES;
				CLANG_WARN_CONSTANT_CONVERSION = YES;
				CLANG_WARN_DIRECT_OBJC_ISA_USAGE = YES_ERROR;
				CLANG_WARN_DOCUMENTATION_COMMENTS = YES;
				CLANG_WARN_EMPTY_BODY = YES;
				CLANG_WARN_ENUM_CONVERSION = YES;
				CLANG_WARN_INFINITE_RECURSION = YES;
				CLANG_WARN_INT_CONVERSION = YES;
				CLANG_WARN_OBJC_ROOT_CLASS = YES_ERROR;
				CLANG_WARN_SUSPICIOUS_MOVES = YES;
				CLANG_WARN_UNREACHABLE_CODE = YES;
				CLANG_WARN__DUPLICATE_METHOD_MATCH = YES;
				CODE_SIGN_IDENTITY = "-";
				COPY_PHASE_STRIP = NO;
				DEBUG_INFORMATION_FORMAT = "dwarf-with-dsym";
				ENABLE_NS_ASSERTIONS = NO;
				ENABLE_STRICT_OBJC_MSGSEND = YES;
				GCC_C_LANGUAGE_STANDARD = gnu99;
				GCC_NO_COMMON_BLOCKS = YES;
				GCC_WARN_64_TO_32_BIT_CONVERSION = YES;
				GCC_WARN_ABOUT_RETURN_TYPE = YES_ERROR;
				GCC_WARN_UNDECLARED_SELECTOR = YES;
				GCC_WARN_UNINITIALIZED_AUTOS = YES_AGGRESSIVE;
				GCC_WARN_UNUSED_FUNCTION = YES;
				GCC_WARN_UNUSED_VARIABLE = YES;
				MACOSX_DEPLOYMENT_TARGET = 10.11;
				MTL_ENABLE_DEBUG_INFO = NO;
				SDKROOT = macosx;
				SWIFT_OPTIMIZATION_LEVEL = "-Owholemodule";
			};
			name = Release;
		};
		FE26F0771E09A7BE0033EF6A /* Debug */ = {
			isa = XCBuildConfiguration;
			buildSettings = {
				ASSETCATALOG_COMPILER_APPICON_NAME = AppIcon;
				COMBINE_HIDPI_IMAGES = YES;
				INFOPLIST_FILE = simpleApp/Info.plist;
				LD_RUNPATH_SEARCH_PATHS = "$(inherited) @executable_path/../Frameworks";
				PRODUCT_BUNDLE_IDENTIFIER = com.gadphly.simpleApp;
				PRODUCT_NAME = "$(TARGET_NAME)";
				SWIFT_VERSION = 3.0;
			};
			name = Debug;
		};
		FE26F0781E09A7BE0033EF6A /* Release */ = {
			isa = XCBuildConfiguration;
			buildSettings = {
				ASSETCATALOG_COMPILER_APPICON_NAME = AppIcon;
				COMBINE_HIDPI_IMAGES = YES;
				INFOPLIST_FILE = simpleApp/Info.plist;
				LD_RUNPATH_SEARCH_PATHS = "$(inherited) @executable_path/../Frameworks";
				PRODUCT_BUNDLE_IDENTIFIER = com.gadphly.simpleApp;
				PRODUCT_NAME = "$(TARGET_NAME)";
				SWIFT_VERSION = 3.0;
			};
			name = Release;
		};
/* End XCBuildConfiguration section */

/* Begin XCConfigurationList section */
		FE26F0621E09A7BE0033EF6A /* Build configuration list for PBXProject "simpleApp" */ = {
			isa = XCConfigurationList;
			buildConfigurations = (
				FE26F0741E09A7BE0033EF6A /* Debug */,
				FE26F0751E09A7BE0033EF6A /* Release */,
			);
			defaultConfigurationIsVisible = 0;
			defaultConfigurationName = Release;
		};
		FE26F0761E09A7BE0033EF6A /* Build configuration list for PBXNativeTarget "simpleApp" */ = {
			isa = XCConfigurationList;
			buildConfigurations = (
				FE26F0771E09A7BE0033EF6A /* Debug */,
				FE26F0781E09A7BE0033EF6A /* Release */,
			);
			defaultConfigurationIsVisible = 0;
		};
/* End XCConfigurationList section */
	};
	rootObject = FE26F05F1E09A7BE0033EF6A /* Project object */;
}
